
Microsoft Visual Studio Solution File, Format Version 12.00
# Visual Studio for Mac
Project("{FAE04EC0-301F-11D3-BF4B-00C04F79EFBC}") = "Assembly-CSharp", "Assembly-CSharp.csproj", "{7FEBCBA7-F9B1-CAB9-A744-484D07DC017E}"
EndProject
Project("{FAE04EC0-301F-11D3-BF4B-00C04F79EFBC}") = "Assembly-CSharp-Editor", "Assembly-CSharp-Editor.csproj", "{AA157146-3707-1622-10EF-70ADFAF7ABB4}"
EndProject
Global
	GlobalSection(SolutionConfigurationPlatforms) = preSolution
		Debug|Any CPU = Debug|Any CPU
		Release|Any CPU = Release|Any CPU
	EndGlobalSection
	GlobalSection(ProjectConfigurationPlatforms) = postSolution
		{7FEBCBA7-F9B1-CAB9-A744-484D07DC017E}.Debug|Any CPU.ActiveCfg = Debug|Any CPU
		{7FEBCBA7-F9B1-CAB9-A744-484D07DC017E}.Debug|Any CPU.Build.0 = Debug|Any CPU
		{7FEBCBA7-F9B1-CAB9-A744-484D07DC017E}.Release|Any CPU.ActiveCfg = Release|Any CPU
		{7FEBCBA7-F9B1-CAB9-A744-484D07DC017E}.Release|Any CPU.Build.0 = Release|Any CPU
		{AA157146-3707-1622-10EF-70ADFAF7ABB4}.Debug|Any CPU.ActiveCfg = Debug|Any CPU
		{AA157146-3707-1622-10EF-70ADFAF7ABB4}.Debug|Any CPU.Build.0 = Debug|Any CPU
		{AA157146-3707-1622-10EF-70ADFAF7ABB4}.Release|Any CPU.ActiveCfg = Release|Any CPU
		{AA157146-3707-1622-10EF-70ADFAF7ABB4}.Release|Any CPU.Build.0 = Release|Any CPU
	EndGlobalSection
	GlobalSection(SolutionProperties) = preSolution
		HideSolutionNode = FALSE
	EndGlobalSection
	GlobalSection(MonoDevelopProperties) = preSolution
		StartupItem = Assembly-CSharp.csproj
	EndGlobalSection
EndGlobal
